
Microsoft Visual Studio Solution File, Format Version 12.00
# Visual Studio Version 16
VisualStudioVersion = 16.0.30011.22
MinimumVisualStudioVersion = 10.0.40219.1
Project("{FAE04EC0-301F-11D3-BF4B-00C04F79EFBC}") = "RabbitSender", "RabbitSender\RabbitSender.csproj", "{3FED04CB-1E04-46C2-8603-EEAB7854D2AB}"
EndProject
Project("{FAE04EC0-301F-11D3-BF4B-00C04F79EFBC}") = "RabbitConsumer", "RabbitConsumer\RabbitConsumer.csproj", "{550DA9E3-D920-433F-AD47-81BF9779BCF1}"
EndProject
Global
	GlobalSection(SolutionConfigurationPlatforms) = preSolution
		Debug|Any CPU = Debug|Any CPU
		Release|Any CPU = Release|Any CPU
	EndGlobalSection
	GlobalSection(ProjectConfigurationPlatforms) = postSolution
		{3FED04CB-1E04-46C2-8603-EEAB7854D2AB}.Debug|Any CPU.ActiveCfg = Debug|Any CPU
		{3FED04CB-1E04-46C2-8603-EEAB7854D2AB}.Debug|Any CPU.Build.0 = Debug|Any CPU
		{3FED04CB-1E04-46C2-8603-EEAB7854D2AB}.Release|Any CPU.ActiveCfg = Release|Any CPU
		{3FED04CB-1E04-46C2-8603-EEAB7854D2AB}.Release|Any CPU.Build.0 = Release|Any CPU
		{550DA9E3-D920-433F-AD47-81BF9779BCF1}.Debug|Any CPU.ActiveCfg = Debug|Any CPU
		{550DA9E3-D920-433F-AD47-81BF9779BCF1}.Debug|Any CPU.Build.0 = Debug|Any CPU
		{550DA9E3-D920-433F-AD47-81BF9779BCF1}.Release|Any CPU.ActiveCfg = Release|Any CPU
		{550DA9E3-D920-433F-AD47-81BF9779BCF1}.Release|Any CPU.Build.0 = Release|Any CPU
	EndGlobalSection
	GlobalSection(SolutionProperties) = preSolution
		HideSolutionNode = FALSE
	EndGlobalSection
	GlobalSection(ExtensibilityGlobals) = postSolution
		SolutionGuid = {AC9B4499-51ED-4B92-ADBE-1338B43748BC}
	EndGlobalSection
EndGlobal
